
Microsoft Visual Studio Solution File, Format Version 12.00
# Visual Studio Version 17
VisualStudioVersion = 17.7.34031.279
MinimumVisualStudioVersion = 10.0.40219.1
Project("{FAE04EC0-301F-11D3-BF4B-00C04F79EFBC}") = "instaProj", "instaProj\instaProj.csproj", "{42301F3E-168E-4EA2-89BC-CA1D3606A155}"
EndProject
Global
	GlobalSection(SolutionConfigurationPlatforms) = preSolution
		Debug|Any CPU = Debug|Any CPU
		Release|Any CPU = Release|Any CPU
	EndGlobalSection
	GlobalSection(ProjectConfigurationPlatforms) = postSolution
		{42301F3E-168E-4EA2-89BC-CA1D3606A155}.Debug|Any CPU.ActiveCfg = Debug|Any CPU
		{42301F3E-168E-4EA2-89BC-CA1D3606A155}.Debug|Any CPU.Build.0 = Debug|Any CPU
		{42301F3E-168E-4EA2-89BC-CA1D3606A155}.Release|Any CPU.ActiveCfg = Release|Any CPU
		{42301F3E-168E-4EA2-89BC-CA1D3606A155}.Release|Any CPU.Build.0 = Release|Any CPU
	EndGlobalSection
	GlobalSection(SolutionProperties) = preSolution
		HideSolutionNode = FALSE
	EndGlobalSection
	GlobalSection(ExtensibilityGlobals) = postSolution
		SolutionGuid = {B42F02F3-6222-464B-83D3-1C96DA085DA5}
	EndGlobalSection
EndGlobal
